
Microsoft Visual Studio Solution File, Format Version 12.00
# Visual Studio Version 17
VisualStudioVersion = 17.5.002.0
MinimumVisualStudioVersion = 10.0.40219.1
Project("{9A19103F-16F7-4668-BE54-9A1E7A4F7556}") = "Projeto", "Projeto.csproj", "{DE224369-2CCE-4C3F-AEB5-8CF0D21CD4EE}"
EndProject
Global
	GlobalSection(SolutionConfigurationPlatforms) = preSolution
		Debug|Any CPU = Debug|Any CPU
		Release|Any CPU = Release|Any CPU
	EndGlobalSection
	GlobalSection(ProjectConfigurationPlatforms) = postSolution
		{DE224369-2CCE-4C3F-AEB5-8CF0D21CD4EE}.Debug|Any CPU.ActiveCfg = Debug|Any CPU
		{DE224369-2CCE-4C3F-AEB5-8CF0D21CD4EE}.Debug|Any CPU.Build.0 = Debug|Any CPU
		{DE224369-2CCE-4C3F-AEB5-8CF0D21CD4EE}.Release|Any CPU.ActiveCfg = Release|Any CPU
		{DE224369-2CCE-4C3F-AEB5-8CF0D21CD4EE}.Release|Any CPU.Build.0 = Release|Any CPU
	EndGlobalSection
	GlobalSection(SolutionProperties) = preSolution
		HideSolutionNode = FALSE
	EndGlobalSection
	GlobalSection(ExtensibilityGlobals) = postSolution
		SolutionGuid = {C9248259-7AEC-409D-82F7-BBF76E181EDD}
	EndGlobalSection
EndGlobal
